
Microsoft Visual Studio Solution File, Format Version 11.00
# Visual C++ Express 2010
Project("{8BC9CEB8-8B4A-11D0-8D11-00A0C91BC942}") = "OpenCloth_Verlet_GLSL(GPGPU)", "OpenCloth_Verlet_GLSL(GPGPU)\OpenCloth_Verlet_GLSL(GPGPU).vcxproj", "{D076999F-5255-4D3B-BDC0-F6A03DC2B9DE}"
EndProject
Global
	GlobalSection(SolutionConfigurationPlatforms) = preSolution
		Debug|Win32 = Debug|Win32
		Release|Win32 = Release|Win32
	EndGlobalSection
	GlobalSection(ProjectConfigurationPlatforms) = postSolution
		{D076999F-5255-4D3B-BDC0-F6A03DC2B9DE}.Debug|Win32.ActiveCfg = Debug|Win32
		{D076999F-5255-4D3B-BDC0-F6A03DC2B9DE}.Debug|Win32.Build.0 = Debug|Win32
		{D076999F-5255-4D3B-BDC0-F6A03DC2B9DE}.Release|Win32.ActiveCfg = Release|Win32
		{D076999F-5255-4D3B-BDC0-F6A03DC2B9DE}.Release|Win32.Build.0 = Release|Win32
	EndGlobalSection
	GlobalSection(SolutionProperties) = preSolution
		HideSolutionNode = FALSE
	EndGlobalSection
EndGlobal
