
Microsoft Visual Studio Solution File, Format Version 10.00
# Visual Studio 2008
Project("{8BC9CEB8-8B4A-11D0-8D11-00A0C91BC942}") = "OpenCloth_ExplicitEuler", "OpenCloth_ExplicitEuler\OpenCloth_ExplicitEuler.vcproj", "{98451911-9FB5-477E-ABE5-686EAACF06AA}"
EndProject
Global
	GlobalSection(SolutionConfigurationPlatforms) = preSolution
		Debug|Win32 = Debug|Win32
		Release|Win32 = Release|Win32
	EndGlobalSection
	GlobalSection(ProjectConfigurationPlatforms) = postSolution
		{98451911-9FB5-477E-ABE5-686EAACF06AA}.Debug|Win32.ActiveCfg = Debug|Win32
		{98451911-9FB5-477E-ABE5-686EAACF06AA}.Debug|Win32.Build.0 = Debug|Win32
		{98451911-9FB5-477E-ABE5-686EAACF06AA}.Release|Win32.ActiveCfg = Release|Win32
		{98451911-9FB5-477E-ABE5-686EAACF06AA}.Release|Win32.Build.0 = Release|Win32
	EndGlobalSection
	GlobalSection(SolutionProperties) = preSolution
		HideSolutionNode = FALSE
	EndGlobalSection
EndGlobal
